# This file is automatically @generated by Cargo.
# It is not intended for manual editing.
version = 4

[[package]]
name = "c0m-cli"
version = "0.1.0"
dependencies = [
 "c0m-dos",
 "c0m-emitter",
 "c0m-feedback",
 "c0m-frontend",
 "c0m-weighting",
]

[[package]]
name = "c0m-dos"
version = "0.1.0"
dependencies = [
 "c0m-frontend",
]

[[package]]
name = "c0m-emitter"
version = "0.1.0"
dependencies = [
 "c0m-dos",
 "c0m-frontend",
]

[[package]]
name = "c0m-feedback"
version = "0.1.0"
dependencies = [
 "c0m-frontend",
]

[[package]]
name = "c0m-frontend"
version = "0.1.0"

[[package]]
name = "c0m-weighting"
version = "0.1.0"
dependencies = [
 "c0m-frontend",
]
